
Microsoft Visual Studio Solution File, Format Version 12.00
# Visual Studio 15
VisualStudioVersion = 15.0.27130.2027
MinimumVisualStudioVersion = 10.0.40219.1
Project("{9A19103F-16F7-4668-BE54-9A1E7A4F7556}") = "WBPA.Amazon.DynamoDb", "src\WBPA.Amazon.DynamoDb\WBPA.Amazon.DynamoDb.csproj", "{C622E1BA-44B3-4C89-855A-4BB7C5504EFE}"
EndProject
Global
	GlobalSection(SolutionConfigurationPlatforms) = preSolution
		Debug|Any CPU = Debug|Any CPU
		Release|Any CPU = Release|Any CPU
	EndGlobalSection
	GlobalSection(ProjectConfigurationPlatforms) = postSolution
		{C622E1BA-44B3-4C89-855A-4BB7C5504EFE}.Debug|Any CPU.ActiveCfg = Debug|Any CPU
		{C622E1BA-44B3-4C89-855A-4BB7C5504EFE}.Debug|Any CPU.Build.0 = Debug|Any CPU
		{C622E1BA-44B3-4C89-855A-4BB7C5504EFE}.Release|Any CPU.ActiveCfg = Release|Any CPU
		{C622E1BA-44B3-4C89-855A-4BB7C5504EFE}.Release|Any CPU.Build.0 = Release|Any CPU
	EndGlobalSection
	GlobalSection(SolutionProperties) = preSolution
		HideSolutionNode = FALSE
	EndGlobalSection
	GlobalSection(ExtensibilityGlobals) = postSolution
		SolutionGuid = {07AA147F-7098-4132-987A-1A7E136116E6}
	EndGlobalSection
EndGlobal
